// !$*UTF8*$!
{
	archiveVersion = 1;
	classes = {
	};
	objectVersion = 50;
	objects = {

/* Begin PBXBuildFile section */
		04A7F4012481C34E00E037BD /* AppDelegate.swift in Sources */ = {isa = PBXBuildFile; fileRef = 04A7F4002481C34E00E037BD /* AppDelegate.swift */; };
		04A7F4032481C34E00E037BD /* SceneDelegate.swift in Sources */ = {isa = PBXBuildFile; fileRef = 04A7F4022481C34E00E037BD /* SceneDelegate.swift */; };
		04A7F4052481C34E00E037BD /* ContentView.swift in Sources */ = {isa = PBXBuildFile; fileRef = 04A7F4042481C34E00E037BD /* ContentView.swift */; };
		04A7F4072481C35400E037BD /* Assets.xcassets in Resources */ = {isa = PBXBuildFile; fileRef = 04A7F4062481C35400E037BD /* Assets.xcassets */; };
		04A7F40A2481C35400E037BD /* Preview Assets.xcassets in Resources */ = {isa = PBXBuildFile; fileRef = 04A7F4092481C35400E037BD /* Preview Assets.xcassets */; };
		04A7F40D2481C35400E037BD /* LaunchScreen.storyboard in Resources */ = {isa = PBXBuildFile; fileRef = 04A7F40B2481C35400E037BD /* LaunchScreen.storyboard */; };
		04A7F4182481C35400E037BD /* swiftui_basic_form_design_and_validationTests.swift in Sources */ = {isa = PBXBuildFile; fileRef = 04A7F4172481C35400E037BD /* swiftui_basic_form_design_and_validationTests.swift */; };
		04A7F4232481C35400E037BD /* swiftui_basic_form_design_and_validationUITests.swift in Sources */ = {isa = PBXBuildFile; fileRef = 04A7F4222481C35400E037BD /* swiftui_basic_form_design_and_validationUITests.swift */; };
/* End PBXBuildFile section */

/* Begin PBXContainerItemProxy section */
		04A7F4142481C35400E037BD /* PBXContainerItemProxy */ = {
			isa = PBXContainerItemProxy;
			containerPortal = 04A7F3F52481C34E00E037BD /* Project object */;
			proxyType = 1;
			remoteGlobalIDString = 04A7F3FC2481C34E00E037BD;
			remoteInfo = "swiftui-basic-form-design-and-validation";
		};
		04A7F41F2481C35400E037BD /* PBXContainerItemProxy */ = {
			isa = PBXContainerItemProxy;
			containerPortal = 04A7F3F52481C34E00E037BD /* Project object */;
			proxyType = 1;
			remoteGlobalIDString = 04A7F3FC2481C34E00E037BD;
			remoteInfo = "swiftui-basic-form-design-and-validation";
		};
/* End PBXContainerItemProxy section */

/* Begin PBXFileReference section */
		04A7F3FD2481C34E00E037BD /* swiftui-basic-form-design-and-validation.app */ = {isa = PBXFileReference; explicitFileType = wrapper.application; includeInIndex = 0; path = "swiftui-basic-form-design-and-validation.app"; sourceTree = BUILT_PRODUCTS_DIR; };
		04A7F4002481C34E00E037BD /* AppDelegate.swift */ = {isa = PBXFileReference; lastKnownFileType = sourcecode.swift; path = AppDelegate.swift; sourceTree = "<group>"; };
		04A7F4022481C34E00E037BD /* SceneDelegate.swift */ = {isa = PBXFileReference; lastKnownFileType = sourcecode.swift; path = SceneDelegate.swift; sourceTree = "<group>"; };
		04A7F4042481C34E00E037BD /* ContentView.swift */ = {isa = PBXFileReference; lastKnownFileType = sourcecode.swift; path = ContentView.swift; sourceTree = "<group>"; };
		04A7F4062481C35400E037BD /* Assets.xcassets */ = {isa = PBXFileReference; lastKnownFileType = folder.assetcatalog; path = Assets.xcassets; sourceTree = "<group>"; };
		04A7F4092481C35400E037BD /* Preview Assets.xcassets */ = {isa = PBXFileReference; lastKnownFileType = folder.assetcatalog; path = "Preview Assets.xcassets"; sourceTree = "<group>"; };
		04A7F40C2481C35400E037BD /* Base */ = {isa = PBXFileReference; lastKnownFileType = file.storyboard; name = Base; path = Base.lproj/LaunchScreen.storyboard; sourceTree = "<group>"; };
		04A7F40E2481C35400E037BD /* Info.plist */ = {isa = PBXFileReference; lastKnownFileType = text.plist.xml; path = Info.plist; sourceTree = "<group>"; };
		04A7F4132481C35400E037BD /* swiftui-basic-form-design-and-validationTests.xctest */ = {isa = PBXFileReference; explicitFileType = wrapper.cfbundle; includeInIndex = 0; path = "swiftui-basic-form-design-and-validationTests.xctest"; sourceTree = BUILT_PRODUCTS_DIR; };
		04A7F4172481C35400E037BD /* swiftui_basic_form_design_and_validationTests.swift */ = {isa = PBXFileReference; lastKnownFileType = sourcecode.swift; path = swiftui_basic_form_design_and_validationTests.swift; sourceTree = "<group>"; };
		04A7F4192481C35400E037BD /* Info.plist */ = {isa = PBXFileReference; lastKnownFileType = text.plist.xml; path = Info.plist; sourceTree = "<group>"; };
		04A7F41E2481C35400E037BD /* swiftui-basic-form-design-and-validationUITests.xctest */ = {isa = PBXFileReference; explicitFileType = wrapper.cfbundle; includeInIndex = 0; path = "swiftui-basic-form-design-and-validationUITests.xctest"; sourceTree = BUILT_PRODUCTS_DIR; };
		04A7F4222481C35400E037BD /* swiftui_basic_form_design_and_validationUITests.swift */ = {isa = PBXFileReference; lastKnownFileType = sourcecode.swift; path = swiftui_basic_form_design_and_validationUITests.swift; sourceTree = "<group>"; };
		04A7F4242481C35400E037BD /* Info.plist */ = {isa = PBXFileReference; lastKnownFileType = text.plist.xml; path = Info.plist; sourceTree = "<group>"; };
/* End PBXFileReference section */

/* Begin PBXFrameworksBuildPhase section */
		04A7F3FA2481C34E00E037BD /* Frameworks */ = {
			isa = PBXFrameworksBuildPhase;
			buildActionMask = 2147483647;
			files = (
			);
			runOnlyForDeploymentPostprocessing = 0;
		};
		04A7F4102481C35400E037BD /* Frameworks */ = {
			isa = PBXFrameworksBuildPhase;
			buildActionMask = 2147483647;
			files = (
			);
			runOnlyForDeploymentPostprocessing = 0;
		};
		04A7F41B2481C35400E037BD /* Frameworks */ = {
			isa = PBXFrameworksBuildPhase;
			buildActionMask = 2147483647;
			files = (
			);
			runOnlyForDeploymentPostprocessing = 0;
		};
/* End PBXFrameworksBuildPhase section */

/* Begin PBXGroup section */
		04A7F3F42481C34E00E037BD = {
			isa = PBXGroup;
			children = (
				04A7F3FF2481C34E00E037BD /* swiftui-basic-form-design-and-validation */,
				04A7F4162481C35400E037BD /* swiftui-basic-form-design-and-validationTests */,
				04A7F4212481C35400E037BD /* swiftui-basic-form-design-and-validationUITests */,
				04A7F3FE2481C34E00E037BD /* Products */,
			);
			sourceTree = "<group>";
		};
		04A7F3FE2481C34E00E037BD /* Products */ = {
			isa = PBXGroup;
			children = (
				04A7F3FD2481C34E00E037BD /* swiftui-basic-form-design-and-validation.app */,
				04A7F4132481C35400E037BD /* swiftui-basic-form-design-and-validationTests.xctest */,
				04A7F41E2481C35400E037BD /* swiftui-basic-form-design-and-validationUITests.xctest */,
			);
			name = Products;
			sourceTree = "<group>";
		};
		04A7F3FF2481C34E00E037BD /* swiftui-basic-form-design-and-validation */ = {
			isa = PBXGroup;
			children = (
				04A7F4002481C34E00E037BD /* AppDelegate.swift */,
				04A7F4022481C34E00E037BD /* SceneDelegate.swift */,
				04A7F4042481C34E00E037BD /* ContentView.swift */,
				04A7F4062481C35400E037BD /* Assets.xcassets */,
				04A7F40B2481C35400E037BD /* LaunchScreen.storyboard */,
				04A7F40E2481C35400E037BD /* Info.plist */,
				04A7F4082481C35400E037BD /* Preview Content */,
			);
			path = "swiftui-basic-form-design-and-validation";
			sourceTree = "<group>";
		};
		04A7F4082481C35400E037BD /* Preview Content */ = {
			isa = PBXGroup;
			children = (
				04A7F4092481C35400E037BD /* Preview Assets.xcassets */,
			);
			path = "Preview Content";
			sourceTree = "<group>";
		};
		04A7F4162481C35400E037BD /* swiftui-basic-form-design-and-validationTests */ = {
			isa = PBXGroup;
			children = (
				04A7F4172481C35400E037BD /* swiftui_basic_form_design_and_validationTests.swift */,
				04A7F4192481C35400E037BD /* Info.plist */,
			);
			path = "swiftui-basic-form-design-and-validationTests";
			sourceTree = "<group>";
		};
		04A7F4212481C35400E037BD /* swiftui-basic-form-design-and-validationUITests */ = {
			isa = PBXGroup;
			children = (
				04A7F4222481C35400E037BD /* swiftui_basic_form_design_and_validationUITests.swift */,
				04A7F4242481C35400E037BD /* Info.plist */,
			);
			path = "swiftui-basic-form-design-and-validationUITests";
			sourceTree = "<group>";
		};
/* End PBXGroup section */

/* Begin PBXNativeTarget section */
		04A7F3FC2481C34E00E037BD /* swiftui-basic-form-design-and-validation */ = {
			isa = PBXNativeTarget;
			buildConfigurationList = 04A7F4272481C35400E037BD /* Build configuration list for PBXNativeTarget "swiftui-basic-form-design-and-validation" */;
			buildPhases = (
				04A7F3F92481C34E00E037BD /* Sources */,
				04A7F3FA2481C34E00E037BD /* Frameworks */,
				04A7F3FB2481C34E00E037BD /* Resources */,
			);
			buildRules = (
			);
			dependencies = (
			);
			name = "swiftui-basic-form-design-and-validation";
			productName = "swiftui-basic-form-design-and-validation";
			productReference = 04A7F3FD2481C34E00E037BD /* swiftui-basic-form-design-and-validation.app */;
			productType = "com.apple.product-type.application";
		};
		04A7F4122481C35400E037BD /* swiftui-basic-form-design-and-validationTests */ = {
			isa = PBXNativeTarget;
			buildConfigurationList = 04A7F42A2481C35400E037BD /* Build configuration list for PBXNativeTarget "swiftui-basic-form-design-and-validationTests" */;
			buildPhases = (
				04A7F40F2481C35400E037BD /* Sources */,
				04A7F4102481C35400E037BD /* Frameworks */,
				04A7F4112481C35400E037BD /* Resources */,
			);
			buildRules = (
			);
			dependencies = (
				04A7F4152481C35400E037BD /* PBXTargetDependency */,
			);
			name = "swiftui-basic-form-design-and-validationTests";
			productName = "swiftui-basic-form-design-and-validationTests";
			productReference = 04A7F4132481C35400E037BD /* swiftui-basic-form-design-and-validationTests.xctest */;
			productType = "com.apple.product-type.bundle.unit-test";
		};
		04A7F41D2481C35400E037BD /* swiftui-basic-form-design-and-validationUITests */ = {
			isa = PBXNativeTarget;
			buildConfigurationList = 04A7F42D2481C35400E037BD /* Build configuration list for PBXNativeTarget "swiftui-basic-form-design-and-validationUITests" */;
			buildPhases = (
				04A7F41A2481C35400E037BD /* Sources */,
				04A7F41B2481C35400E037BD /* Frameworks */,
				04A7F41C2481C35400E037BD /* Resources */,
			);
			buildRules = (
			);
			dependencies = (
				04A7F4202481C35400E037BD /* PBXTargetDependency */,
			);
			name = "swiftui-basic-form-design-and-validationUITests";
			productName = "swiftui-basic-form-design-and-validationUITests";
			productReference = 04A7F41E2481C35400E037BD /* swiftui-basic-form-design-and-validationUITests.xctest */;
			productType = "com.apple.product-type.bundle.ui-testing";
		};
/* End PBXNativeTarget section */

/* Begin PBXProject section */
		04A7F3F52481C34E00E037BD /* Project object */ = {
			isa = PBXProject;
			attributes = {
				LastSwiftUpdateCheck = 1140;
				LastUpgradeCheck = 1140;
				ORGANIZATIONNAME = "Arif Hossen";
				TargetAttributes = {
					04A7F3FC2481C34E00E037BD = {
						CreatedOnToolsVersion = 11.4;
					};
					04A7F4122481C35400E037BD = {
						CreatedOnToolsVersion = 11.4;
						TestTargetID = 04A7F3FC2481C34E00E037BD;
					};
					04A7F41D2481C35400E037BD = {
						CreatedOnToolsVersion = 11.4;
						TestTargetID = 04A7F3FC2481C34E00E037BD;
					};
				};
			};
			buildConfigurationList = 04A7F3F82481C34E00E037BD /* Build configuration list for PBXProject "swiftui-basic-form-design-and-validation" */;
			compatibilityVersion = "Xcode 9.3";
			developmentRegion = en;
			hasScannedForEncodings = 0;
			knownRegions = (
				en,
				Base,
			);
			mainGroup = 04A7F3F42481C34E00E037BD;
			productRefGroup = 04A7F3FE2481C34E00E037BD /* Products */;
			projectDirPath = "";
			projectRoot = "";
			targets = (
				04A7F3FC2481C34E00E037BD /* swiftui-basic-form-design-and-validation */,
				04A7F4122481C35400E037BD /* swiftui-basic-form-design-and-validationTests */,
				04A7F41D2481C35400E037BD /* swiftui-basic-form-design-and-validationUITests */,
			);
		};
/* End PBXProject section */

/* Begin PBXResourcesBuildPhase section */
		04A7F3FB2481C34E00E037BD /* Resources */ = {
			isa = PBXResourcesBuildPhase;
			buildActionMask = 2147483647;
			files = (
				04A7F40D2481C35400E037BD /* LaunchScreen.storyboard in Resources */,
				04A7F40A2481C35400E037BD /* Preview Assets.xcassets in Resources */,
				04A7F4072481C35400E037BD /* Assets.xcassets in Resources */,
			);
			runOnlyForDeploymentPostprocessing = 0;
		};
		04A7F4112481C35400E037BD /* Resources */ = {
			isa = PBXResourcesBuildPhase;
			buildActionMask = 2147483647;
			files = (
			);
			runOnlyForDeploymentPostprocessing = 0;
		};
		04A7F41C2481C35400E037BD /* Resources */ = {
			isa = PBXResourcesBuildPhase;
			buildActionMask = 2147483647;
			files = (
			);
			runOnlyForDeploymentPostprocessing = 0;
		};
/* End PBXResourcesBuildPhase section */

/* Begin PBXSourcesBuildPhase section */
		04A7F3F92481C34E00E037BD /* Sources */ = {
			isa = PBXSourcesBuildPhase;
			buildActionMask = 2147483647;
			files = (
				04A7F4012481C34E00E037BD /* AppDelegate.swift in Sources */,
				04A7F4032481C34E00E037BD /* SceneDelegate.swift in Sources */,
				04A7F4052481C34E00E037BD /* ContentView.swift in Sources */,
			);
			runOnlyForDeploymentPostprocessing = 0;
		};
		04A7F40F2481C35400E037BD /* Sources */ = {
			isa = PBXSourcesBuildPhase;
			buildActionMask = 2147483647;
			files = (
				04A7F4182481C35400E037BD /* swiftui_basic_form_design_and_validationTests.swift in Sources */,
			);
			runOnlyForDeploymentPostprocessing = 0;
		};
		04A7F41A2481C35400E037BD /* Sources */ = {
			isa = PBXSourcesBuildPhase;
			buildActionMask = 2147483647;
			files = (
				04A7F4232481C35400E037BD /* swiftui_basic_form_design_and_validationUITests.swift in Sources */,
			);
			runOnlyForDeploymentPostprocessing = 0;
		};
/* End PBXSourcesBuildPhase section */

/* Begin PBXTargetDependency section */
		04A7F4152481C35400E037BD /* PBXTargetDependency */ = {
			isa = PBXTargetDependency;
			target = 04A7F3FC2481C34E00E037BD /* swiftui-basic-form-design-and-validation */;
			targetProxy = 04A7F4142481C35400E037BD /* PBXContainerItemProxy */;
		};
		04A7F4202481C35400E037BD /* PBXTargetDependency */ = {
			isa = PBXTargetDependency;
			target = 04A7F3FC2481C34E00E037BD /* swiftui-basic-form-design-and-validation */;
			targetProxy = 04A7F41F2481C35400E037BD /* PBXContainerItemProxy */;
		};
/* End PBXTargetDependency section */

/* Begin PBXVariantGroup section */
		04A7F40B2481C35400E037BD /* LaunchScreen.storyboard */ = {
			isa = PBXVariantGroup;
			children = (
				04A7F40C2481C35400E037BD /* Base */,
			);
			name = LaunchScreen.storyboard;
			sourceTree = "<group>";
		};
/* End PBXVariantGroup section */

/* Begin XCBuildConfiguration section */
		04A7F4252481C35400E037BD /* Debug */ = {
			isa = XCBuildConfiguration;
			buildSettings = {
				ALWAYS_SEARCH_USER_PATHS = NO;
				CLANG_ANALYZER_NONNULL = YES;
				CLANG_ANALYZER_NUMBER_OBJECT_CONVERSION = YES_AGGRESSIVE;
				CLANG_CXX_LANGUAGE_STANDARD = "gnu++14";
				CLANG_CXX_LIBRARY = "libc++";
				CLANG_ENABLE_MODULES = YES;
				CLANG_ENABLE_OBJC_ARC = YES;
				CLANG_ENABLE_OBJC_WEAK = YES;
				CLANG_WARN_BLOCK_CAPTURE_AUTORELEASING = YES;
				CLANG_WARN_BOOL_CONVERSION = YES;
				CLANG_WARN_COMMA = YES;
				CLANG_WARN_CONSTANT_CONVERSION = YES;
				CLANG_WARN_DEPRECATED_OBJC_IMPLEMENTATIONS = YES;
				CLANG_WARN_DIRECT_OBJC_ISA_USAGE = YES_ERROR;
				CLANG_WARN_DOCUMENTATION_COMMENTS = YES;
				CLANG_WARN_EMPTY_BODY = YES;
				CLANG_WARN_ENUM_CONVERSION = YES;
				CLANG_WARN_INFINITE_RECURSION = YES;
				CLANG_WARN_INT_CONVERSION = YES;
				CLANG_WARN_NON_LITERAL_NULL_CONVERSION = YES;
				CLANG_WARN_OBJC_IMPLICIT_RETAIN_SELF = YES;
				CLANG_WARN_OBJC_LITERAL_CONVERSION = YES;
				CLANG_WARN_OBJC_ROOT_CLASS = YES_ERROR;
				CLANG_WARN_RANGE_LOOP_ANALYSIS = YES;
				CLANG_WARN_STRICT_PROTOTYPES = YES;
				CLANG_WARN_SUSPICIOUS_MOVE = YES;
				CLANG_WARN_UNGUARDED_AVAILABILITY = YES_AGGRESSIVE;
				CLANG_WARN_UNREACHABLE_CODE = YES;
				CLANG_WARN__DUPLICATE_METHOD_MATCH = YES;
				COPY_PHASE_STRIP = NO;
				DEBUG_INFORMATION_FORMAT = dwarf;
				ENABLE_STRICT_OBJC_MSGSEND = YES;
				ENABLE_TESTABILITY = YES;
				GCC_C_LANGUAGE_STANDARD = gnu11;
				GCC_DYNAMIC_NO_PIC = NO;
				GCC_NO_COMMON_BLOCKS = YES;
				GCC_OPTIMIZATION_LEVEL = 0;
				GCC_PREPROCESSOR_DEFINITIONS = (
					"DEBUG=1",
					"$(inherited)",
				);
				GCC_WARN_64_TO_32_BIT_CONVERSION = YES;
				GCC_WARN_ABOUT_RETURN_TYPE = YES_ERROR;
				GCC_WARN_UNDECLARED_SELECTOR = YES;
				GCC_WARN_UNINITIALIZED_AUTOS = YES_AGGRESSIVE;
				GCC_WARN_UNUSED_FUNCTION = YES;
				GCC_WARN_UNUSED_VARIABLE = YES;
				IPHONEOS_DEPLOYMENT_TARGET = 13.4;
				MTL_ENABLE_DEBUG_INFO = INCLUDE_SOURCE;
				MTL_FAST_MATH = YES;
				ONLY_ACTIVE_ARCH = YES;
				SDKROOT = iphoneos;
				SWIFT_ACTIVE_COMPILATION_CONDITIONS = DEBUG;
				SWIFT_OPTIMIZATION_LEVEL = "-Onone";
			};
			name = Debug;
		};
		04A7F4262481C35400E037BD /* Release */ = {
			isa = XCBuildConfiguration;
			buildSettings = {
				ALWAYS_SEARCH_USER_PATHS = NO;
				CLANG_ANALYZER_NONNULL = YES;
				CLANG_ANALYZER_NUMBER_OBJECT_CONVERSION = YES_AGGRESSIVE;
				CLANG_CXX_LANGUAGE_STANDARD = "gnu++14";
				CLANG_CXX_LIBRARY = "libc++";
				CLANG_ENABLE_MODULES = YES;
				CLANG_ENABLE_OBJC_ARC = YES;
				CLANG_ENABLE_OBJC_WEAK = YES;
				CLANG_WARN_BLOCK_CAPTURE_AUTORELEASING = YES;
				CLANG_WARN_BOOL_CONVERSION = YES;
				CLANG_WARN_COMMA = YES;
				CLANG_WARN_CONSTANT_CONVERSION = YES;
				CLANG_WARN_DEPRECATED_OBJC_IMPLEMENTATIONS = YES;
				CLANG_WARN_DIRECT_OBJC_ISA_USAGE = YES_ERROR;
				CLANG_WARN_DOCUMENTATION_COMMENTS = YES;
				CLANG_WARN_EMPTY_BODY = YES;
				CLANG_WARN_ENUM_CONVERSION = YES;
				CLANG_WARN_INFINITE_RECURSION = YES;
				CLANG_WARN_INT_CONVERSION = YES;
				CLANG_WARN_NON_LITERAL_NULL_CONVERSION = YES;
				CLANG_WARN_OBJC_IMPLICIT_RETAIN_SELF = YES;
				CLANG_WARN_OBJC_LITERAL_CONVERSION = YES;
				CLANG_WARN_OBJC_ROOT_CLASS = YES_ERROR;
				CLANG_WARN_RANGE_LOOP_ANALYSIS = YES;
				CLANG_WARN_STRICT_PROTOTYPES = YES;
				CLANG_WARN_SUSPICIOUS_MOVE = YES;
				CLANG_WARN_UNGUARDED_AVAILABILITY = YES_AGGRESSIVE;
				CLANG_WARN_UNREACHABLE_CODE = YES;
				CLANG_WARN__DUPLICATE_METHOD_MATCH = YES;
				COPY_PHASE_STRIP = NO;
				DEBUG_INFORMATION_FORMAT = "dwarf-with-dsym";
				ENABLE_NS_ASSERTIONS = NO;
				ENABLE_STRICT_OBJC_MSGSEND = YES;
				GCC_C_LANGUAGE_STANDARD = gnu11;
				GCC_NO_COMMON_BLOCKS = YES;
				GCC_WARN_64_TO_32_BIT_CONVERSION = YES;
				GCC_WARN_ABOUT_RETURN_TYPE = YES_ERROR;
				GCC_WARN_UNDECLARED_SELECTOR = YES;
				GCC_WARN_UNINITIALIZED_AUTOS = YES_AGGRESSIVE;
				GCC_WARN_UNUSED_FUNCTION = YES;
				GCC_WARN_UNUSED_VARIABLE = YES;
				IPHONEOS_DEPLOYMENT_TARGET = 13.4;
				MTL_ENABLE_DEBUG_INFO = NO;
				MTL_FAST_MATH = YES;
				SDKROOT = iphoneos;
				SWIFT_COMPILATION_MODE = wholemodule;
				SWIFT_OPTIMIZATION_LEVEL = "-O";
				VALIDATE_PRODUCT = YES;
			};
			name = Release;
		};
		04A7F4282481C35400E037BD /* Debug */ = {
			isa = XCBuildConfiguration;
			buildSettings = {
				ASSETCATALOG_COMPILER_APPICON_NAME = AppIcon;
				CODE_SIGN_STYLE = Automatic;
				DEVELOPMENT_ASSET_PATHS = "\"swiftui-basic-form-design-and-validation/Preview Content\"";
				DEVELOPMENT_TEAM = 657PH5AW2Q;
				ENABLE_PREVIEWS = YES;
				INFOPLIST_FILE = "swiftui-basic-form-design-and-validation/Info.plist";
				LD_RUNPATH_SEARCH_PATHS = (
					"$(inherited)",
					"@executable_path/Frameworks",
				);
				PRODUCT_BUNDLE_IDENTIFIER = "com.arifhossen.swiftui-basic-form-design-and-validation";
				PRODUCT_NAME = "$(TARGET_NAME)";
				SWIFT_VERSION = 5.0;
				TARGETED_DEVICE_FAMILY = "1,2";
			};
			name = Debug;
		};
		04A7F4292481C35400E037BD /* Release */ = {
			isa = XCBuildConfiguration;
			buildSettings = {
				ASSETCATALOG_COMPILER_APPICON_NAME = AppIcon;
				CODE_SIGN_STYLE = Automatic;
				DEVELOPMENT_ASSET_PATHS = "\"swiftui-basic-form-design-and-validation/Preview Content\"";
				DEVELOPMENT_TEAM = 657PH5AW2Q;
				ENABLE_PREVIEWS = YES;
				INFOPLIST_FILE = "swiftui-basic-form-design-and-validation/Info.plist";
				LD_RUNPATH_SEARCH_PATHS = (
					"$(inherited)",
					"@executable_path/Frameworks",
				);
				PRODUCT_BUNDLE_IDENTIFIER = "com.arifhossen.swiftui-basic-form-design-and-validation";
				PRODUCT_NAME = "$(TARGET_NAME)";
				SWIFT_VERSION = 5.0;
				TARGETED_DEVICE_FAMILY = "1,2";
			};
			name = Release;
		};
		04A7F42B2481C35400E037BD /* Debug */ = {
			isa = XCBuildConfiguration;
			buildSettings = {
				ALWAYS_EMBED_SWIFT_STANDARD_LIBRARIES = YES;
				BUNDLE_LOADER = "$(TEST_HOST)";
				CODE_SIGN_STYLE = Automatic;
				DEVELOPMENT_TEAM = 657PH5AW2Q;
				INFOPLIST_FILE = "swiftui-basic-form-design-and-validationTests/Info.plist";
				IPHONEOS_DEPLOYMENT_TARGET = 13.4;
				LD_RUNPATH_SEARCH_PATHS = (
					"$(inherited)",
					"@executable_path/Frameworks",
					"@loader_path/Frameworks",
				);
				PRODUCT_BUNDLE_IDENTIFIER = "com.arifhossen.swiftui-basic-form-design-and-validationTests";
				PRODUCT_NAME = "$(TARGET_NAME)";
				SWIFT_VERSION = 5.0;
				TARGETED_DEVICE_FAMILY = "1,2";
				TEST_HOST = "$(BUILT_PRODUCTS_DIR)/swiftui-basic-form-design-and-validation.app/swiftui-basic-form-design-and-validation";
			};
			name = Debug;
		};
		04A7F42C2481C35400E037BD /* Release */ = {
			isa = XCBuildConfiguration;
			buildSettings = {
				ALWAYS_EMBED_SWIFT_STANDARD_LIBRARIES = YES;
				BUNDLE_LOADER = "$(TEST_HOST)";
				CODE_SIGN_STYLE = Automatic;
				DEVELOPMENT_TEAM = 657PH5AW2Q;
				INFOPLIST_FILE = "swiftui-basic-form-design-and-validationTests/Info.plist";
				IPHONEOS_DEPLOYMENT_TARGET = 13.4;
				LD_RUNPATH_SEARCH_PATHS = (
					"$(inherited)",
					"@executable_path/Frameworks",
					"@loader_path/Frameworks",
				);
				PRODUCT_BUNDLE_IDENTIFIER = "com.arifhossen.swiftui-basic-form-design-and-validationTests";
				PRODUCT_NAME = "$(TARGET_NAME)";
				SWIFT_VERSION = 5.0;
				TARGETED_DEVICE_FAMILY = "1,2";
				TEST_HOST = "$(BUILT_PRODUCTS_DIR)/swiftui-basic-form-design-and-validation.app/swiftui-basic-form-design-and-validation";
			};
			name = Release;
		};
		04A7F42E2481C35400E037BD /* Debug */ = {
			isa = XCBuildConfiguration;
			buildSettings = {
				ALWAYS_EMBED_SWIFT_STANDARD_LIBRARIES = YES;
				CODE_SIGN_STYLE = Automatic;
				DEVELOPMENT_TEAM = 657PH5AW2Q;
				INFOPLIST_FILE = "swiftui-basic-form-design-and-validationUITests/Info.plist";
				LD_RUNPATH_SEARCH_PATHS = (
					"$(inherited)",
					"@executable_path/Frameworks",
					"@loader_path/Frameworks",
				);
				PRODUCT_BUNDLE_IDENTIFIER = "com.arifhossen.swiftui-basic-form-design-and-validationUITests";
				PRODUCT_NAME = "$(TARGET_NAME)";
				SWIFT_VERSION = 5.0;
				TARGETED_DEVICE_FAMILY = "1,2";
				TEST_TARGET_NAME = "swiftui-basic-form-design-and-validation";
			};
			name = Debug;
		};
		04A7F42F2481C35400E037BD /* Release */ = {
			isa = XCBuildConfiguration;
			buildSettings = {
				ALWAYS_EMBED_SWIFT_STANDARD_LIBRARIES = YES;
				CODE_SIGN_STYLE = Automatic;
				DEVELOPMENT_TEAM = 657PH5AW2Q;
				INFOPLIST_FILE = "swiftui-basic-form-design-and-validationUITests/Info.plist";
				LD_RUNPATH_SEARCH_PATHS = (
					"$(inherited)",
					"@executable_path/Frameworks",
					"@loader_path/Frameworks",
				);
				PRODUCT_BUNDLE_IDENTIFIER = "com.arifhossen.swiftui-basic-form-design-and-validationUITests";
				PRODUCT_NAME = "$(TARGET_NAME)";
				SWIFT_VERSION = 5.0;
				TARGETED_DEVICE_FAMILY = "1,2";
				TEST_TARGET_NAME = "swiftui-basic-form-design-and-validation";
			};
			name = Release;
		};
/* End XCBuildConfiguration section */

/* Begin XCConfigurationList section */
		04A7F3F82481C34E00E037BD /* Build configuration list for PBXProject "swiftui-basic-form-design-and-validation" */ = {
			isa = XCConfigurationList;
			buildConfigurations = (
				04A7F4252481C35400E037BD /* Debug */,
				04A7F4262481C35400E037BD /* Release */,
			);
			defaultConfigurationIsVisible = 0;
			defaultConfigurationName = Release;
		};
		04A7F4272481C35400E037BD /* Build configuration list for PBXNativeTarget "swiftui-basic-form-design-and-validation" */ = {
			isa = XCConfigurationList;
			buildConfigurations = (
				04A7F4282481C35400E037BD /* Debug */,
				04A7F4292481C35400E037BD /* Release */,
			);
			defaultConfigurationIsVisible = 0;
			defaultConfigurationName = Release;
		};
		04A7F42A2481C35400E037BD /* Build configuration list for PBXNativeTarget "swiftui-basic-form-design-and-validationTests" */ = {
			isa = XCConfigurationList;
			buildConfigurations = (
				04A7F42B2481C35400E037BD /* Debug */,
				04A7F42C2481C35400E037BD /* Release */,
			);
			defaultConfigurationIsVisible = 0;
			defaultConfigurationName = Release;
		};
		04A7F42D2481C35400E037BD /* Build configuration list for PBXNativeTarget "swiftui-basic-form-design-and-validationUITests" */ = {
			isa = XCConfigurationList;
			buildConfigurations = (
				04A7F42E2481C35400E037BD /* Debug */,
				04A7F42F2481C35400E037BD /* Release */,
			);
			defaultConfigurationIsVisible = 0;
			defaultConfigurationName = Release;
		};
/* End XCConfigurationList section */
	};
	rootObject = 04A7F3F52481C34E00E037BD /* Project object */;
}
